{
  "version": 4,
  "terraform_version": "1.8.3",
  "serial": 20,
  "lineage": "b3189dda-5413-52b4-debf-b8669753854b",
  "outputs": {},
  "resources": [
    {
      "mode": "managed",
      "type": "azurerm_linux_virtual_machine",
      "name": "azuretf-vm",
      "provider": "provider[\"registry.terraform.io/hashicorp/azurerm\"]",
      "instances": [
        {
          "schema_version": 0,
          "attributes": {
            "additional_capabilities": [],
            "admin_password": null,
            "admin_ssh_key": [
              {
                "public_key": "ssh-rsa AAAAB3NzaC1yc2EAAAADAQABAAABgQDVc6pZk8E79lHlxtrdiKnlDXEMreVHQT0PP0U3ckznqYEUTsj8+poi0I8nGZngv6SIds73ryhoqvP+iNIgYG0dCIRmvl4yQF2mNYxRZr3xGCUrmjpyAE6sR0l8X+7SKDtfuoktN9sj/4WqsnFO7WNSzyLO+oobZ9AfH872vBObbpNyhE9Z3PUXYysz4EdSxufxH+5yh22EkP9TUfQVPNrCakcq2nehHk3n8Z/CLOyk7MPAblrZdq+EydNP9grTrmz1vcCyxXe6kms+P6TsjUdWEH1eioHPN4SaToYq02FIn40Q37EmYTi4vRSBUi+c+q8x+Asr5XdevY7+7fdVWiOPgFxv8srlp6/IjJ3VXrQ6Y0RlnAB4xvXYIfnj3a/OCdyZSZ/YRpzE2YlIJx49XPh4SBE2eKOqRx/43xXwI1bwn9l72wQT9uVUETATDqpfXfpiOyd3Yr/mBkxam5yaSHoUsOeM8iXpmFmD/DJdfDDrQ7FHXp0aGQGNcqu7OrNO2TU= dell@DESKTOP-5B4VVIP\r\n",
                "username": "adminuser"
              }
            ],
            "admin_username": "adminuser",
            "allow_extension_operations": true,
            "availability_set_id": "",
            "boot_diagnostics": [],
            "computer_name": "azuretf-lvm",
            "custom_data": null,
            "dedicated_host_group_id": "",
            "dedicated_host_id": "",
            "disable_password_authentication": true,
            "edge_zone": "",
            "encryption_at_host_enabled": false,
            "eviction_policy": "",
            "extensions_time_budget": "PT1H30M",
            "id": "/subscriptions/827b9ded-08ea-40ab-a790-1f823ba157eb/resourceGroups/azuretf-resources/providers/Microsoft.Compute/virtualMachines/azuretf-lvm",
            "identity": [],
            "license_type": "",
            "location": "eastus",
            "max_bid_price": -1,
            "name": "azuretf-lvm",
            "network_interface_ids": [
              "/subscriptions/827b9ded-08ea-40ab-a790-1f823ba157eb/resourceGroups/azuretf-resources/providers/Microsoft.Network/networkInterfaces/azuretf-nic"
            ],
            "os_disk": [
              {
                "caching": "ReadWrite",
                "diff_disk_settings": [],
                "disk_encryption_set_id": "",
                "disk_size_gb": 30,
                "name": "azuretf-lvm_disk1_619c0cf58f5b4eae8afd33508f9c4ddd",
                "storage_account_type": "Standard_LRS",
                "write_accelerator_enabled": false
              }
            ],
            "patch_mode": "ImageDefault",
            "plan": [],
            "platform_fault_domain": -1,
            "priority": "Regular",
            "private_ip_address": "10.0.3.4",
            "private_ip_addresses": [
              "10.0.3.4"
            ],
            "provision_vm_agent": true,
            "proximity_placement_group_id": "",
            "public_ip_address": "20.169.229.175",
            "public_ip_addresses": [
              "20.169.229.175"
            ],
            "resource_group_name": "azuretf-resources",
            "secret": [],
            "secure_boot_enabled": false,
            "size": "Standard_B1s",
            "source_image_id": "",
            "source_image_reference": [
              {
                "offer": "0001-com-ubuntu-server-jammy",
                "publisher": "Canonical",
                "sku": "22_04-lts",
                "version": "latest"
              }
            ],
            "tags": null,
            "termination_notification": null,
            "timeouts": null,
            "user_data": "",
            "virtual_machine_id": "e8cb8292-a237-47ab-aee1-40e8454359c2",
            "virtual_machine_scale_set_id": "",
            "vtpm_enabled": false,
            "zone": ""
          },
          "sensitive_attributes": [
            [
              {
                "type": "get_attr",
                "value": "admin_password"
              }
            ],
            [
              {
                "type": "get_attr",
                "value": "custom_data"
              }
            ]
          ],
          "private": "eyJlMmJmYjczMC1lY2FhLTExZTYtOGY4OC0zNDM2M2JjN2M0YzAiOnsiY3JlYXRlIjoyNzAwMDAwMDAwMDAwLCJkZWxldGUiOjI3MDAwMDAwMDAwMDAsInJlYWQiOjMwMDAwMDAwMDAwMCwidXBkYXRlIjoyNzAwMDAwMDAwMDAwfX0=",
          "dependencies": [
            "azurerm_network_interface.azuretf-nic",
            "azurerm_public_ip.azuretf-ip",
            "azurerm_resource_group.azuretf-rg",
            "azurerm_subnet.azuretf-subnet",
            "azurerm_virtual_network.azuretf-vn"
          ]
        }
      ]
    },
    {
      "mode": "managed",
      "type": "azurerm_network_interface",
      "name": "azuretf-nic",
      "provider": "provider[\"registry.terraform.io/hashicorp/azurerm\"]",
      "instances": [
        {
          "schema_version": 0,
          "attributes": {
            "applied_dns_servers": [],
            "dns_servers": [],
            "edge_zone": "",
            "enable_accelerated_networking": false,
            "enable_ip_forwarding": false,
            "id": "/subscriptions/827b9ded-08ea-40ab-a790-1f823ba157eb/resourceGroups/azuretf-resources/providers/Microsoft.Network/networkInterfaces/azuretf-nic",
            "internal_dns_name_label": "",
            "internal_domain_name_suffix": "khnisrtmmplednb2b1dvyhkuod.bx.internal.cloudapp.net",
            "ip_configuration": [
              {
                "gateway_load_balancer_frontend_ip_configuration_id": "",
                "name": "internal",
                "primary": true,
                "private_ip_address": "10.0.3.4",
                "private_ip_address_allocation": "Dynamic",
                "private_ip_address_version": "IPv4",
                "public_ip_address_id": "/subscriptions/827b9ded-08ea-40ab-a790-1f823ba157eb/resourceGroups/azuretf-resources/providers/Microsoft.Network/publicIPAddresses/azuretf-ip",
                "subnet_id": "/subscriptions/827b9ded-08ea-40ab-a790-1f823ba157eb/resourceGroups/azuretf-resources/providers/Microsoft.Network/virtualNetworks/azuretf-network/subnets/azuretf-subnet1"
              }
            ],
            "location": "eastus",
            "mac_address": "",
            "name": "azuretf-nic",
            "private_ip_address": "10.0.3.4",
            "private_ip_addresses": [
              "10.0.3.4"
            ],
            "resource_group_name": "azuretf-resources",
            "tags": {},
            "timeouts": null,
            "virtual_machine_id": ""
          },
          "sensitive_attributes": [],
          "private": "eyJlMmJmYjczMC1lY2FhLTExZTYtOGY4OC0zNDM2M2JjN2M0YzAiOnsiY3JlYXRlIjoxODAwMDAwMDAwMDAwLCJkZWxldGUiOjE4MDAwMDAwMDAwMDAsInJlYWQiOjMwMDAwMDAwMDAwMCwidXBkYXRlIjoxODAwMDAwMDAwMDAwfX0=",
          "dependencies": [
            "azurerm_public_ip.azuretf-ip",
            "azurerm_resource_group.azuretf-rg",
            "azurerm_subnet.azuretf-subnet",
            "azurerm_virtual_network.azuretf-vn"
          ]
        }
      ]
    },
    {
      "mode": "managed",
      "type": "azurerm_network_security_group",
      "name": "azuretf-sg",
      "provider": "provider[\"registry.terraform.io/hashicorp/azurerm\"]",
      "instances": [
        {
          "schema_version": 0,
          "attributes": {
            "id": "/subscriptions/827b9ded-08ea-40ab-a790-1f823ba157eb/resourceGroups/azuretf-resources/providers/Microsoft.Network/networkSecurityGroups/azuretf-sg",
            "location": "eastus",
            "name": "azuretf-sg",
            "resource_group_name": "azuretf-resources",
            "security_rule": [
              {
                "access": "Allow",
                "description": "",
                "destination_address_prefix": "*",
                "destination_address_prefixes": [],
                "destination_application_security_group_ids": [],
                "destination_port_range": "*",
                "destination_port_ranges": [],
                "direction": "Inbound",
                "name": "azuretf-sg-rule1",
                "priority": 100,
                "protocol": "*",
                "source_address_prefix": "*",
                "source_address_prefixes": [],
                "source_application_security_group_ids": [],
                "source_port_range": "*",
                "source_port_ranges": []
              }
            ],
            "tags": {},
            "timeouts": null
          },
          "sensitive_attributes": [],
          "private": "eyJlMmJmYjczMC1lY2FhLTExZTYtOGY4OC0zNDM2M2JjN2M0YzAiOnsiY3JlYXRlIjoxODAwMDAwMDAwMDAwLCJkZWxldGUiOjE4MDAwMDAwMDAwMDAsInJlYWQiOjMwMDAwMDAwMDAwMCwidXBkYXRlIjoxODAwMDAwMDAwMDAwfX0=",
          "dependencies": [
            "azurerm_resource_group.azuretf-rg"
          ]
        }
      ]
    },
    {
      "mode": "managed",
      "type": "azurerm_network_security_rule",
      "name": "azuretf-gs-rule",
      "provider": "provider[\"registry.terraform.io/hashicorp/azurerm\"]",
      "instances": [
        {
          "schema_version": 0,
          "attributes": {
            "access": "Allow",
            "description": "",
            "destination_address_prefix": "*",
            "destination_address_prefixes": [],
            "destination_application_security_group_ids": [],
            "destination_port_range": "*",
            "destination_port_ranges": [],
            "direction": "Inbound",
            "id": "/subscriptions/827b9ded-08ea-40ab-a790-1f823ba157eb/resourceGroups/azuretf-resources/providers/Microsoft.Network/networkSecurityGroups/azuretf-sg/securityRules/azuretf-sg-rule1",
            "name": "azuretf-sg-rule1",
            "network_security_group_name": "azuretf-sg",
            "priority": 100,
            "protocol": "*",
            "resource_group_name": "azuretf-resources",
            "source_address_prefix": "*",
            "source_address_prefixes": [],
            "source_application_security_group_ids": [],
            "source_port_range": "*",
            "source_port_ranges": [],
            "timeouts": null
          },
          "sensitive_attributes": [],
          "private": "eyJlMmJmYjczMC1lY2FhLTExZTYtOGY4OC0zNDM2M2JjN2M0YzAiOnsiY3JlYXRlIjoxODAwMDAwMDAwMDAwLCJkZWxldGUiOjE4MDAwMDAwMDAwMDAsInJlYWQiOjMwMDAwMDAwMDAwMCwidXBkYXRlIjoxODAwMDAwMDAwMDAwfX0=",
          "dependencies": [
            "azurerm_network_security_group.azuretf-sg",
            "azurerm_resource_group.azuretf-rg"
          ]
        }
      ]
    },
    {
      "mode": "managed",
      "type": "azurerm_public_ip",
      "name": "azuretf-ip",
      "provider": "provider[\"registry.terraform.io/hashicorp/azurerm\"]",
      "instances": [
        {
          "schema_version": 0,
          "attributes": {
            "allocation_method": "Dynamic",
            "domain_name_label": null,
            "edge_zone": "",
            "fqdn": null,
            "id": "/subscriptions/827b9ded-08ea-40ab-a790-1f823ba157eb/resourceGroups/azuretf-resources/providers/Microsoft.Network/publicIPAddresses/azuretf-ip",
            "idle_timeout_in_minutes": 4,
            "ip_address": "",
            "ip_tags": {},
            "ip_version": "IPv4",
            "location": "eastus",
            "name": "azuretf-ip",
            "public_ip_prefix_id": null,
            "resource_group_name": "azuretf-resources",
            "reverse_fqdn": null,
            "sku": "Basic",
            "sku_tier": "Regional",
            "tags": {
              "environment": "Dev"
            },
            "timeouts": null,
            "zones": []
          },
          "sensitive_attributes": [],
          "private": "eyJlMmJmYjczMC1lY2FhLTExZTYtOGY4OC0zNDM2M2JjN2M0YzAiOnsiY3JlYXRlIjoxODAwMDAwMDAwMDAwLCJkZWxldGUiOjE4MDAwMDAwMDAwMDAsInJlYWQiOjMwMDAwMDAwMDAwMCwidXBkYXRlIjoxODAwMDAwMDAwMDAwfX0=",
          "dependencies": [
            "azurerm_resource_group.azuretf-rg"
          ]
        }
      ]
    },
    {
      "mode": "managed",
      "type": "azurerm_resource_group",
      "name": "azuretf-rg",
      "provider": "provider[\"registry.terraform.io/hashicorp/azurerm\"]",
      "instances": [
        {
          "schema_version": 0,
          "attributes": {
            "id": "/subscriptions/827b9ded-08ea-40ab-a790-1f823ba157eb/resourceGroups/azuretf-resources",
            "location": "eastus",
            "name": "azuretf-resources",
            "tags": {
              "environment": "dev"
            },
            "timeouts": null
          },
          "sensitive_attributes": [],
          "private": "eyJlMmJmYjczMC1lY2FhLTExZTYtOGY4OC0zNDM2M2JjN2M0YzAiOnsiY3JlYXRlIjo1NDAwMDAwMDAwMDAwLCJkZWxldGUiOjU0MDAwMDAwMDAwMDAsInJlYWQiOjMwMDAwMDAwMDAwMCwidXBkYXRlIjo1NDAwMDAwMDAwMDAwfX0="
        }
      ]
    },
    {
      "mode": "managed",
      "type": "azurerm_subnet",
      "name": "azuretf-subnet",
      "provider": "provider[\"registry.terraform.io/hashicorp/azurerm\"]",
      "instances": [
        {
          "schema_version": 0,
          "attributes": {
            "address_prefixes": [
              "10.0.3.0/24"
            ],
            "delegation": [],
            "enforce_private_link_endpoint_network_policies": false,
            "enforce_private_link_service_network_policies": false,
            "id": "/subscriptions/827b9ded-08ea-40ab-a790-1f823ba157eb/resourceGroups/azuretf-resources/providers/Microsoft.Network/virtualNetworks/azuretf-network/subnets/azuretf-subnet1",
            "name": "azuretf-subnet1",
            "resource_group_name": "azuretf-resources",
            "service_endpoint_policy_ids": [],
            "service_endpoints": [],
            "timeouts": null,
            "virtual_network_name": "azuretf-network"
          },
          "sensitive_attributes": [],
          "private": "eyJlMmJmYjczMC1lY2FhLTExZTYtOGY4OC0zNDM2M2JjN2M0YzAiOnsiY3JlYXRlIjoxODAwMDAwMDAwMDAwLCJkZWxldGUiOjE4MDAwMDAwMDAwMDAsInJlYWQiOjMwMDAwMDAwMDAwMCwidXBkYXRlIjoxODAwMDAwMDAwMDAwfX0=",
          "dependencies": [
            "azurerm_resource_group.azuretf-rg",
            "azurerm_virtual_network.azuretf-vn"
          ]
        }
      ]
    },
    {
      "mode": "managed",
      "type": "azurerm_subnet_network_security_group_association",
      "name": "azuretf-sga",
      "provider": "provider[\"registry.terraform.io/hashicorp/azurerm\"]",
      "instances": [
        {
          "schema_version": 0,
          "attributes": {
            "id": "/subscriptions/827b9ded-08ea-40ab-a790-1f823ba157eb/resourceGroups/azuretf-resources/providers/Microsoft.Network/virtualNetworks/azuretf-network/subnets/azuretf-subnet1",
            "network_security_group_id": "/subscriptions/827b9ded-08ea-40ab-a790-1f823ba157eb/resourceGroups/azuretf-resources/providers/Microsoft.Network/networkSecurityGroups/azuretf-sg",
            "subnet_id": "/subscriptions/827b9ded-08ea-40ab-a790-1f823ba157eb/resourceGroups/azuretf-resources/providers/Microsoft.Network/virtualNetworks/azuretf-network/subnets/azuretf-subnet1",
            "timeouts": null
          },
          "sensitive_attributes": [],
          "private": "eyJlMmJmYjczMC1lY2FhLTExZTYtOGY4OC0zNDM2M2JjN2M0YzAiOnsiY3JlYXRlIjoxODAwMDAwMDAwMDAwLCJkZWxldGUiOjE4MDAwMDAwMDAwMDAsInJlYWQiOjMwMDAwMDAwMDAwMCwidXBkYXRlIjoxODAwMDAwMDAwMDAwfX0=",
          "dependencies": [
            "azurerm_network_security_group.azuretf-sg",
            "azurerm_resource_group.azuretf-rg",
            "azurerm_subnet.azuretf-subnet",
            "azurerm_virtual_network.azuretf-vn"
          ]
        }
      ]
    },
    {
      "mode": "managed",
      "type": "azurerm_virtual_network",
      "name": "azuretf-vn",
      "provider": "provider[\"registry.terraform.io/hashicorp/azurerm\"]",
      "instances": [
        {
          "schema_version": 0,
          "attributes": {
            "address_space": [
              "10.0.0.0/16"
            ],
            "bgp_community": "",
            "ddos_protection_plan": [],
            "dns_servers": [],
            "edge_zone": "",
            "flow_timeout_in_minutes": 0,
            "guid": "4689da51-636c-41d6-b43c-0ec75c1d5473",
            "id": "/subscriptions/827b9ded-08ea-40ab-a790-1f823ba157eb/resourceGroups/azuretf-resources/providers/Microsoft.Network/virtualNetworks/azuretf-network",
            "location": "eastus",
            "name": "azuretf-network",
            "resource_group_name": "azuretf-resources",
            "subnet": [
              {
                "address_prefix": "10.0.1.0/24",
                "id": "/subscriptions/827b9ded-08ea-40ab-a790-1f823ba157eb/resourceGroups/azuretf-resources/providers/Microsoft.Network/virtualNetworks/azuretf-network/subnets/subnet1",
                "name": "subnet1",
                "security_group": ""
              },
              {
                "address_prefix": "10.0.2.0/24",
                "id": "/subscriptions/827b9ded-08ea-40ab-a790-1f823ba157eb/resourceGroups/azuretf-resources/providers/Microsoft.Network/virtualNetworks/azuretf-network/subnets/subnet2",
                "name": "subnet2",
                "security_group": "/subscriptions/827b9ded-08ea-40ab-a790-1f823ba157eb/resourceGroups/azuretf-resources/providers/Microsoft.Network/networkSecurityGroups/azuretf-sg"
              },
              {
                "address_prefix": "10.0.3.0/24",
                "id": "/subscriptions/827b9ded-08ea-40ab-a790-1f823ba157eb/resourceGroups/azuretf-resources/providers/Microsoft.Network/virtualNetworks/azuretf-network/subnets/azuretf-subnet1",
                "name": "azuretf-subnet1",
                "security_group": "/subscriptions/827b9ded-08ea-40ab-a790-1f823ba157eb/resourceGroups/azuretf-resources/providers/Microsoft.Network/networkSecurityGroups/azuretf-sg"
              }
            ],
            "tags": {
              "environment": "dev"
            },
            "timeouts": null
          },
          "sensitive_attributes": [],
          "private": "eyJlMmJmYjczMC1lY2FhLTExZTYtOGY4OC0zNDM2M2JjN2M0YzAiOnsiY3JlYXRlIjoxODAwMDAwMDAwMDAwLCJkZWxldGUiOjE4MDAwMDAwMDAwMDAsInJlYWQiOjMwMDAwMDAwMDAwMCwidXBkYXRlIjoxODAwMDAwMDAwMDAwfX0=",
          "dependencies": [
            "azurerm_resource_group.azuretf-rg"
          ]
        }
      ]
    }
  ],
  "check_results": null
}
